{
  "name": "limu-benchmark",
  "version": "1.0.0",
  "lockfileVersion": 2,
  "requires": true,
  "packages": {
    "": {
      "name": "limu-benchmark",
      "version": "1.0.0",
      "license": "ISC",
      "dependencies": {
        "immer": "^9.0.15",
        "limu": "^1.2.0"
      }
    },
    "node_modules/immer": {
      "version": "9.0.15",
      "resolved": "https://registry.npmjs.org/immer/-/immer-9.0.15.tgz",
      "integrity": "sha512-2eB/sswms9AEUSkOm4SbV5Y7Vmt/bKRwByd52jfLkW4OLYeaTP3EEiJ9agqU0O/tq6Dk62Zfj+TJSqfm1rLVGQ==",
      "funding": {
        "type": "opencollective",
        "url": "https://opencollective.com/immer"
      }
    },
    "node_modules/limu": {
      "version": "1.2.0",
      "resolved": "https://registry.npmjs.org/limu/-/limu-1.2.0.tgz",
      "integrity": "sha512-AaTlwTawUVc0oYgUDkDSilL+jTHAOGzN0yUqtud49aTfPLiXqZhPhXRtCJL99JKb8qyFIdt5S2Lo12Pe8Y0jMw=="
    }
  },
  "dependencies": {
    "immer": {
      "version": "9.0.15",
      "resolved": "https://registry.npmjs.org/immer/-/immer-9.0.15.tgz",
      "integrity": "sha512-2eB/sswms9AEUSkOm4SbV5Y7Vmt/bKRwByd52jfLkW4OLYeaTP3EEiJ9agqU0O/tq6Dk62Zfj+TJSqfm1rLVGQ=="
    },
    "limu": {
      "version": "1.2.0",
      "resolved": "https://registry.npmjs.org/limu/-/limu-1.2.0.tgz",
      "integrity": "sha512-AaTlwTawUVc0oYgUDkDSilL+jTHAOGzN0yUqtud49aTfPLiXqZhPhXRtCJL99JKb8qyFIdt5S2Lo12Pe8Y0jMw=="
    }
  }
}
