{
  "name": "limu-benchmark",
  "version": "1.0.0",
  "lockfileVersion": 1,
  "requires": true,
  "dependencies": {
    "immer": {
      "version": "9.0.15",
      "resolved": "https://registry.npmjs.org/immer/-/immer-9.0.15.tgz",
      "integrity": "sha512-2eB/sswms9AEUSkOm4SbV5Y7Vmt/bKRwByd52jfLkW4OLYeaTP3EEiJ9agqU0O/tq6Dk62Zfj+TJSqfm1rLVGQ=="
    },
    "limu": {
      "version": "3.2.0",
      "resolved": "https://registry.npmjs.org/limu/-/limu-3.2.0.tgz",
      "integrity": "sha512-0g4hOA/DSUsxgQOYVTxH1LhHDZL8zlknBI7372lRK+33tLu0lviKv9yA5wReV7/cur+sIZvaktoS2LAZOkDaEw=="
    },
    "mutative": {
      "version": "0.5.0",
      "resolved": "https://registry.npmjs.org/mutative/-/mutative-0.5.0.tgz",
      "integrity": "sha512-VrchxO6AMPjy2HyXvByMy14RVhlwdQGyKLEEMcnAd5JRCWnjtMcxabLVRG2mAweYrWTBex1TZXpFifV8oLGlVw=="
    }
  }
}
